
Microsoft Visual Studio Solution File, Format Version 12.00
# Visual Studio Version 17
VisualStudioVersion = 17.3.32929.385
MinimumVisualStudioVersion = 10.0.40219.1
Project("{9A19103F-16F7-4668-BE54-9A1E7A4F7556}") = "Web.Api", "Web.Api\Web.Api.csproj", "{1A9EA989-707C-4807-8AAF-B75B521C9647}"
EndProject
Project("{9A19103F-16F7-4668-BE54-9A1E7A4F7556}") = "Web.Common", "Web.Common\Web.Common.csproj", "{E6A06CB3-4637-4828-8850-7576588CFC7B}"
EndProject
Project("{9A19103F-16F7-4668-BE54-9A1E7A4F7556}") = "Web.Domain", "Web.Domain\Web.Domain.csproj", "{4D3E0FF2-4F98-4DAD-81D2-45E6E20C5F6F}"
EndProject
Project("{FAE04EC0-301F-11D3-BF4B-00C04F79EFBC}") = "Web.Infrastructure", "Web.Infrastructure\Web.Infrastructure.csproj", "{35747DF9-B122-4329-8F4E-F82FE380BF1F}"
EndProject
Project("{FAE04EC0-301F-11D3-BF4B-00C04F79EFBC}") = "Web.Application", "Web.Application\Web.Application.csproj", "{A02618B5-8CB2-48F9-A86C-602910FFA655}"
EndProject
Global
	GlobalSection(SolutionConfigurationPlatforms) = preSolution
		Debug|Any CPU = Debug|Any CPU
		Release|Any CPU = Release|Any CPU
	EndGlobalSection
	GlobalSection(ProjectConfigurationPlatforms) = postSolution
		{1A9EA989-707C-4807-8AAF-B75B521C9647}.Debug|Any CPU.ActiveCfg = Debug|Any CPU
		{1A9EA989-707C-4807-8AAF-B75B521C9647}.Debug|Any CPU.Build.0 = Debug|Any CPU
		{1A9EA989-707C-4807-8AAF-B75B521C9647}.Release|Any CPU.ActiveCfg = Release|Any CPU
		{1A9EA989-707C-4807-8AAF-B75B521C9647}.Release|Any CPU.Build.0 = Release|Any CPU
		{E6A06CB3-4637-4828-8850-7576588CFC7B}.Debug|Any CPU.ActiveCfg = Debug|Any CPU
		{E6A06CB3-4637-4828-8850-7576588CFC7B}.Debug|Any CPU.Build.0 = Debug|Any CPU
		{E6A06CB3-4637-4828-8850-7576588CFC7B}.Release|Any CPU.ActiveCfg = Release|Any CPU
		{E6A06CB3-4637-4828-8850-7576588CFC7B}.Release|Any CPU.Build.0 = Release|Any CPU
		{4D3E0FF2-4F98-4DAD-81D2-45E6E20C5F6F}.Debug|Any CPU.ActiveCfg = Debug|Any CPU
		{4D3E0FF2-4F98-4DAD-81D2-45E6E20C5F6F}.Debug|Any CPU.Build.0 = Debug|Any CPU
		{4D3E0FF2-4F98-4DAD-81D2-45E6E20C5F6F}.Release|Any CPU.ActiveCfg = Release|Any CPU
		{4D3E0FF2-4F98-4DAD-81D2-45E6E20C5F6F}.Release|Any CPU.Build.0 = Release|Any CPU
		{35747DF9-B122-4329-8F4E-F82FE380BF1F}.Debug|Any CPU.ActiveCfg = Debug|Any CPU
		{35747DF9-B122-4329-8F4E-F82FE380BF1F}.Debug|Any CPU.Build.0 = Debug|Any CPU
		{35747DF9-B122-4329-8F4E-F82FE380BF1F}.Release|Any CPU.ActiveCfg = Release|Any CPU
		{35747DF9-B122-4329-8F4E-F82FE380BF1F}.Release|Any CPU.Build.0 = Release|Any CPU
		{A02618B5-8CB2-48F9-A86C-602910FFA655}.Debug|Any CPU.ActiveCfg = Debug|Any CPU
		{A02618B5-8CB2-48F9-A86C-602910FFA655}.Debug|Any CPU.Build.0 = Debug|Any CPU
		{A02618B5-8CB2-48F9-A86C-602910FFA655}.Release|Any CPU.ActiveCfg = Release|Any CPU
		{A02618B5-8CB2-48F9-A86C-602910FFA655}.Release|Any CPU.Build.0 = Release|Any CPU
	EndGlobalSection
	GlobalSection(SolutionProperties) = preSolution
		HideSolutionNode = FALSE
	EndGlobalSection
	GlobalSection(ExtensibilityGlobals) = postSolution
		SolutionGuid = {3015A89E-E614-466F-ACA0-CE666BEEFDDD}
	EndGlobalSection
EndGlobal
